
Microsoft Visual Studio Solution File, Format Version 12.00
# Visual Studio Version 17
VisualStudioVersion = 17.1.32210.238
MinimumVisualStudioVersion = 10.0.40219.1
Project("{FAE04EC0-301F-11D3-BF4B-00C04F79EFBC}") = "WebApplication1", "WebApplication1\WebApplication1.csproj", "{3E10E917-A876-4FBF-958D-8705093B60B3}"
EndProject
Project("{FAE04EC0-301F-11D3-BF4B-00C04F79EFBC}") = "WebApplication2", "WebApplication2\WebApplication2.csproj", "{8989D0F0-FF99-4C82-81EE-735083D4A8D1}"
EndProject
Project("{FAE04EC0-301F-11D3-BF4B-00C04F79EFBC}") = "WebApplication3", "WebApplication3\WebApplication3.csproj", "{37F75271-4651-4AE5-88D1-F0DD2295889E}"
EndProject
Global
	GlobalSection(SolutionConfigurationPlatforms) = preSolution
		Debug|Any CPU = Debug|Any CPU
		Release|Any CPU = Release|Any CPU
	EndGlobalSection
	GlobalSection(ProjectConfigurationPlatforms) = postSolution
		{3E10E917-A876-4FBF-958D-8705093B60B3}.Debug|Any CPU.ActiveCfg = Debug|Any CPU
		{3E10E917-A876-4FBF-958D-8705093B60B3}.Debug|Any CPU.Build.0 = Debug|Any CPU
		{3E10E917-A876-4FBF-958D-8705093B60B3}.Release|Any CPU.ActiveCfg = Release|Any CPU
		{3E10E917-A876-4FBF-958D-8705093B60B3}.Release|Any CPU.Build.0 = Release|Any CPU
		{8989D0F0-FF99-4C82-81EE-735083D4A8D1}.Debug|Any CPU.ActiveCfg = Debug|Any CPU
		{8989D0F0-FF99-4C82-81EE-735083D4A8D1}.Debug|Any CPU.Build.0 = Debug|Any CPU
		{8989D0F0-FF99-4C82-81EE-735083D4A8D1}.Release|Any CPU.ActiveCfg = Release|Any CPU
		{8989D0F0-FF99-4C82-81EE-735083D4A8D1}.Release|Any CPU.Build.0 = Release|Any CPU
		{37F75271-4651-4AE5-88D1-F0DD2295889E}.Debug|Any CPU.ActiveCfg = Debug|Any CPU
		{37F75271-4651-4AE5-88D1-F0DD2295889E}.Debug|Any CPU.Build.0 = Debug|Any CPU
		{37F75271-4651-4AE5-88D1-F0DD2295889E}.Release|Any CPU.ActiveCfg = Release|Any CPU
		{37F75271-4651-4AE5-88D1-F0DD2295889E}.Release|Any CPU.Build.0 = Release|Any CPU
	EndGlobalSection
	GlobalSection(SolutionProperties) = preSolution
		HideSolutionNode = FALSE
	EndGlobalSection
	GlobalSection(ExtensibilityGlobals) = postSolution
		SolutionGuid = {24093BCA-8313-46F7-9906-1CE5C4F98C3C}
	EndGlobalSection
EndGlobal
